
Microsoft Visual Studio Solution File, Format Version 12.00
# Visual Studio Version 16
VisualStudioVersion = 16.0.31624.102
MinimumVisualStudioVersion = 10.0.40219.1
Project("{FAE04EC0-301F-11D3-BF4B-00C04F79EFBC}") = "CS155Week3Project1", "CS155Week3Project1\CS155Week3Project1.csproj", "{DD43D593-1DB1-46E6-8FC8-8FA867E92F2D}"
EndProject
Project("{FAE04EC0-301F-11D3-BF4B-00C04F79EFBC}") = "CS155Week3Project2", "CS155Week3Project2\CS155Week3Project2.csproj", "{97EA6220-B49A-487F-806E-486C61A7A976}"
EndProject
Global
	GlobalSection(SolutionConfigurationPlatforms) = preSolution
		Debug|Any CPU = Debug|Any CPU
		Release|Any CPU = Release|Any CPU
	EndGlobalSection
	GlobalSection(ProjectConfigurationPlatforms) = postSolution
		{DD43D593-1DB1-46E6-8FC8-8FA867E92F2D}.Debug|Any CPU.ActiveCfg = Debug|Any CPU
		{DD43D593-1DB1-46E6-8FC8-8FA867E92F2D}.Debug|Any CPU.Build.0 = Debug|Any CPU
		{DD43D593-1DB1-46E6-8FC8-8FA867E92F2D}.Release|Any CPU.ActiveCfg = Release|Any CPU
		{DD43D593-1DB1-46E6-8FC8-8FA867E92F2D}.Release|Any CPU.Build.0 = Release|Any CPU
		{97EA6220-B49A-487F-806E-486C61A7A976}.Debug|Any CPU.ActiveCfg = Debug|Any CPU
		{97EA6220-B49A-487F-806E-486C61A7A976}.Debug|Any CPU.Build.0 = Debug|Any CPU
		{97EA6220-B49A-487F-806E-486C61A7A976}.Release|Any CPU.ActiveCfg = Release|Any CPU
		{97EA6220-B49A-487F-806E-486C61A7A976}.Release|Any CPU.Build.0 = Release|Any CPU
	EndGlobalSection
	GlobalSection(SolutionProperties) = preSolution
		HideSolutionNode = FALSE
	EndGlobalSection
	GlobalSection(ExtensibilityGlobals) = postSolution
		SolutionGuid = {B238CE2A-15DE-4DF6-851F-C991A4253714}
	EndGlobalSection
EndGlobal
